
Microsoft Visual Studio Solution File, Format Version 12.00
# Visual Studio Version 17
VisualStudioVersion = 17.7.34202.233
MinimumVisualStudioVersion = 10.0.40219.1
Project("{FAE04EC0-301F-11D3-BF4B-00C04F79EFBC}") = "p", "p.csproj", "{9511EF9B-EBB4-4BD0-8D8E-87E411D2526A}"
EndProject
Global
	GlobalSection(SolutionConfigurationPlatforms) = preSolution
		Debug|Any CPU = Debug|Any CPU
		Release|Any CPU = Release|Any CPU
	EndGlobalSection
	GlobalSection(ProjectConfigurationPlatforms) = postSolution
		{9511EF9B-EBB4-4BD0-8D8E-87E411D2526A}.Debug|Any CPU.ActiveCfg = Debug|Any CPU
		{9511EF9B-EBB4-4BD0-8D8E-87E411D2526A}.Debug|Any CPU.Build.0 = Debug|Any CPU
		{9511EF9B-EBB4-4BD0-8D8E-87E411D2526A}.Release|Any CPU.ActiveCfg = Release|Any CPU
		{9511EF9B-EBB4-4BD0-8D8E-87E411D2526A}.Release|Any CPU.Build.0 = Release|Any CPU
	EndGlobalSection
	GlobalSection(SolutionProperties) = preSolution
		HideSolutionNode = FALSE
	EndGlobalSection
	GlobalSection(ExtensibilityGlobals) = postSolution
		SolutionGuid = {93D48199-8C80-4D0C-AED5-10489EC266EA}
	EndGlobalSection
EndGlobal
