
Microsoft Visual Studio Solution File, Format Version 12.00
# Visual Studio Version 17
VisualStudioVersion = 17.7.34202.233
MinimumVisualStudioVersion = 10.0.40219.1
Project("{FAE04EC0-301F-11D3-BF4B-00C04F79EFBC}") = "pVariableDecoderGUI", "pVariableDecoderGUI.csproj", "{FF8BAFDE-DF43-4EA0-894D-19F644285EDE}"
EndProject
Global
	GlobalSection(SolutionConfigurationPlatforms) = preSolution
		Debug|Any CPU = Debug|Any CPU
		Release|Any CPU = Release|Any CPU
	EndGlobalSection
	GlobalSection(ProjectConfigurationPlatforms) = postSolution
		{FF8BAFDE-DF43-4EA0-894D-19F644285EDE}.Debug|Any CPU.ActiveCfg = Debug|Any CPU
		{FF8BAFDE-DF43-4EA0-894D-19F644285EDE}.Debug|Any CPU.Build.0 = Debug|Any CPU
		{FF8BAFDE-DF43-4EA0-894D-19F644285EDE}.Release|Any CPU.ActiveCfg = Release|Any CPU
		{FF8BAFDE-DF43-4EA0-894D-19F644285EDE}.Release|Any CPU.Build.0 = Release|Any CPU
	EndGlobalSection
	GlobalSection(SolutionProperties) = preSolution
		HideSolutionNode = FALSE
	EndGlobalSection
	GlobalSection(ExtensibilityGlobals) = postSolution
		SolutionGuid = {2C9EEBFC-7F0A-4A2C-AAB2-1CD0ECF19DD8}
	EndGlobalSection
EndGlobal
